// !$*UTF8*$!
{
	archiveVersion = 1;
	classes = {
	};
	objectVersion = 56;
	objects = {

/* Begin PBXBuildFile section */
		70450D882BB51F7200F1045A /* calorieProgressVC.swift in Sources */ = {isa = PBXBuildFile; fileRef = 70450D872BB51F7200F1045A /* calorieProgressVC.swift */; };
		8F6C47862B82CB7A004E6C00 /* AppDelegate.swift in Sources */ = {isa = PBXBuildFile; fileRef = 8F6C47852B82CB7A004E6C00 /* AppDelegate.swift */; };
		8F6C47882B82CB7A004E6C00 /* SceneDelegate.swift in Sources */ = {isa = PBXBuildFile; fileRef = 8F6C47872B82CB7A004E6C00 /* SceneDelegate.swift */; };
		8F6C478A2B82CB7A004E6C00 /* ViewController.swift in Sources */ = {isa = PBXBuildFile; fileRef = 8F6C47892B82CB7A004E6C00 /* ViewController.swift */; };
		8F6C478D2B82CB7A004E6C00 /* Main.storyboard in Resources */ = {isa = PBXBuildFile; fileRef = 8F6C478B2B82CB7A004E6C00 /* Main.storyboard */; };
		8F6C478F2B82CB7D004E6C00 /* Assets.xcassets in Resources */ = {isa = PBXBuildFile; fileRef = 8F6C478E2B82CB7D004E6C00 /* Assets.xcassets */; };
		8F6C47922B82CB7D004E6C00 /* LaunchScreen.storyboard in Resources */ = {isa = PBXBuildFile; fileRef = 8F6C47902B82CB7D004E6C00 /* LaunchScreen.storyboard */; };
		8F6C479D2B82CB7E004E6C00 /* MunchMapTests.swift in Sources */ = {isa = PBXBuildFile; fileRef = 8F6C479C2B82CB7E004E6C00 /* MunchMapTests.swift */; };
		8F6C47A72B82CB7E004E6C00 /* MunchMapUITests.swift in Sources */ = {isa = PBXBuildFile; fileRef = 8F6C47A62B82CB7E004E6C00 /* MunchMapUITests.swift */; };
		8F6C47A92B82CB7E004E6C00 /* MunchMapUITestsLaunchTests.swift in Sources */ = {isa = PBXBuildFile; fileRef = 8F6C47A82B82CB7E004E6C00 /* MunchMapUITestsLaunchTests.swift */; };
		8F977D802BB6556F00F56904 /* BreakfastVC.swift in Sources */ = {isa = PBXBuildFile; fileRef = 8F977D7F2BB6556F00F56904 /* BreakfastVC.swift */; };
		A547CF762BB6637E00FD99A1 /* registerSV.swift in Sources */ = {isa = PBXBuildFile; fileRef = A547CF752BB6637E00FD99A1 /* registerSV.swift */; };
		A547CF782BB666B300FD99A1 /* UserInformationVC.swift in Sources */ = {isa = PBXBuildFile; fileRef = A547CF772BB666B300FD99A1 /* UserInformationVC.swift */; };
		A5DB73232B843BC5004CC529 /* Munchmap.swift in Sources */ = {isa = PBXBuildFile; fileRef = A5DB73222B843BC5004CC529 /* Munchmap.swift */; };
		A5DB73262B843CC2004CC529 /* Lottie in Frameworks */ = {isa = PBXBuildFile; productRef = A5DB73252B843CC2004CC529 /* Lottie */; };
/* End PBXBuildFile section */

/* Begin PBXContainerItemProxy section */
		8F6C47992B82CB7E004E6C00 /* PBXContainerItemProxy */ = {
			isa = PBXContainerItemProxy;
			containerPortal = 8F6C477A2B82CB7A004E6C00 /* Project object */;
			proxyType = 1;
			remoteGlobalIDString = 8F6C47812B82CB7A004E6C00;
			remoteInfo = MunchMap;
		};
		8F6C47A32B82CB7E004E6C00 /* PBXContainerItemProxy */ = {
			isa = PBXContainerItemProxy;
			containerPortal = 8F6C477A2B82CB7A004E6C00 /* Project object */;
			proxyType = 1;
			remoteGlobalIDString = 8F6C47812B82CB7A004E6C00;
			remoteInfo = MunchMap;
		};
/* End PBXContainerItemProxy section */

/* Begin PBXFileReference section */
		70450D872BB51F7200F1045A /* calorieProgressVC.swift */ = {isa = PBXFileReference; lastKnownFileType = sourcecode.swift; path = calorieProgressVC.swift; sourceTree = "<group>"; };
		8F6C47822B82CB7A004E6C00 /* MunchMap.app */ = {isa = PBXFileReference; explicitFileType = wrapper.application; includeInIndex = 0; path = MunchMap.app; sourceTree = BUILT_PRODUCTS_DIR; };
		8F6C47852B82CB7A004E6C00 /* AppDelegate.swift */ = {isa = PBXFileReference; lastKnownFileType = sourcecode.swift; path = AppDelegate.swift; sourceTree = "<group>"; };
		8F6C47872B82CB7A004E6C00 /* SceneDelegate.swift */ = {isa = PBXFileReference; lastKnownFileType = sourcecode.swift; path = SceneDelegate.swift; sourceTree = "<group>"; };
		8F6C47892B82CB7A004E6C00 /* ViewController.swift */ = {isa = PBXFileReference; lastKnownFileType = sourcecode.swift; path = ViewController.swift; sourceTree = "<group>"; };
		8F6C478C2B82CB7A004E6C00 /* Base */ = {isa = PBXFileReference; lastKnownFileType = file.storyboard; name = Base; path = Base.lproj/Main.storyboard; sourceTree = "<group>"; };
		8F6C478E2B82CB7D004E6C00 /* Assets.xcassets */ = {isa = PBXFileReference; lastKnownFileType = folder.assetcatalog; path = Assets.xcassets; sourceTree = "<group>"; };
		8F6C47912B82CB7D004E6C00 /* Base */ = {isa = PBXFileReference; lastKnownFileType = file.storyboard; name = Base; path = Base.lproj/LaunchScreen.storyboard; sourceTree = "<group>"; };
		8F6C47932B82CB7D004E6C00 /* Info.plist */ = {isa = PBXFileReference; lastKnownFileType = text.plist.xml; path = Info.plist; sourceTree = "<group>"; };
		8F6C47982B82CB7E004E6C00 /* MunchMapTests.xctest */ = {isa = PBXFileReference; explicitFileType = wrapper.cfbundle; includeInIndex = 0; path = MunchMapTests.xctest; sourceTree = BUILT_PRODUCTS_DIR; };
		8F6C479C2B82CB7E004E6C00 /* MunchMapTests.swift */ = {isa = PBXFileReference; lastKnownFileType = sourcecode.swift; path = MunchMapTests.swift; sourceTree = "<group>"; };
		8F6C47A22B82CB7E004E6C00 /* MunchMapUITests.xctest */ = {isa = PBXFileReference; explicitFileType = wrapper.cfbundle; includeInIndex = 0; path = MunchMapUITests.xctest; sourceTree = BUILT_PRODUCTS_DIR; };
		8F6C47A62B82CB7E004E6C00 /* MunchMapUITests.swift */ = {isa = PBXFileReference; lastKnownFileType = sourcecode.swift; path = MunchMapUITests.swift; sourceTree = "<group>"; };
		8F6C47A82B82CB7E004E6C00 /* MunchMapUITestsLaunchTests.swift */ = {isa = PBXFileReference; lastKnownFileType = sourcecode.swift; path = MunchMapUITestsLaunchTests.swift; sourceTree = "<group>"; };
		8F977D7F2BB6556F00F56904 /* BreakfastVC.swift */ = {isa = PBXFileReference; lastKnownFileType = sourcecode.swift; path = BreakfastVC.swift; sourceTree = "<group>"; };
		A547CF752BB6637E00FD99A1 /* registerSV.swift */ = {isa = PBXFileReference; lastKnownFileType = sourcecode.swift; path = registerSV.swift; sourceTree = "<group>"; };
		A547CF772BB666B300FD99A1 /* UserInformationVC.swift */ = {isa = PBXFileReference; lastKnownFileType = sourcecode.swift; path = UserInformationVC.swift; sourceTree = "<group>"; };
		A5DB73222B843BC5004CC529 /* Munchmap.swift */ = {isa = PBXFileReference; lastKnownFileType = sourcecode.swift; path = Munchmap.swift; sourceTree = "<group>"; };
/* End PBXFileReference section */

/* Begin PBXFrameworksBuildPhase section */
		8F6C477F2B82CB7A004E6C00 /* Frameworks */ = {
			isa = PBXFrameworksBuildPhase;
			buildActionMask = 2147483647;
			files = (
				A5DB73262B843CC2004CC529 /* Lottie in Frameworks */,
			);
			runOnlyForDeploymentPostprocessing = 0;
		};
		8F6C47952B82CB7E004E6C00 /* Frameworks */ = {
			isa = PBXFrameworksBuildPhase;
			buildActionMask = 2147483647;
			files = (
			);
			runOnlyForDeploymentPostprocessing = 0;
		};
		8F6C479F2B82CB7E004E6C00 /* Frameworks */ = {
			isa = PBXFrameworksBuildPhase;
			buildActionMask = 2147483647;
			files = (
			);
			runOnlyForDeploymentPostprocessing = 0;
		};
/* End PBXFrameworksBuildPhase section */

/* Begin PBXGroup section */
		8F6C47792B82CB7A004E6C00 = {
			isa = PBXGroup;
			children = (
				8F6C47842B82CB7A004E6C00 /* MunchMap */,
				8F6C479B2B82CB7E004E6C00 /* MunchMapTests */,
				8F6C47A52B82CB7E004E6C00 /* MunchMapUITests */,
				8F6C47832B82CB7A004E6C00 /* Products */,
			);
			sourceTree = "<group>";
		};
		8F6C47832B82CB7A004E6C00 /* Products */ = {
			isa = PBXGroup;
			children = (
				8F6C47822B82CB7A004E6C00 /* MunchMap.app */,
				8F6C47982B82CB7E004E6C00 /* MunchMapTests.xctest */,
				8F6C47A22B82CB7E004E6C00 /* MunchMapUITests.xctest */,
			);
			name = Products;
			sourceTree = "<group>";
		};
		8F6C47842B82CB7A004E6C00 /* MunchMap */ = {
			isa = PBXGroup;
			children = (
				8F6C47852B82CB7A004E6C00 /* AppDelegate.swift */,
				8F6C47872B82CB7A004E6C00 /* SceneDelegate.swift */,
				8F6C47892B82CB7A004E6C00 /* ViewController.swift */,
				A5DB73222B843BC5004CC529 /* Munchmap.swift */,
				8F6C478B2B82CB7A004E6C00 /* Main.storyboard */,
				A547CF772BB666B300FD99A1 /* UserInformationVC.swift */,
				A547CF752BB6637E00FD99A1 /* registerSV.swift */,
				8F977D7F2BB6556F00F56904 /* BreakfastVC.swift */,
				70450D872BB51F7200F1045A /* calorieProgressVC.swift */,
				8F6C478E2B82CB7D004E6C00 /* Assets.xcassets */,
				8F6C47902B82CB7D004E6C00 /* LaunchScreen.storyboard */,
				8F6C47932B82CB7D004E6C00 /* Info.plist */,
			);
			path = MunchMap;
			sourceTree = "<group>";
		};
		8F6C479B2B82CB7E004E6C00 /* MunchMapTests */ = {
			isa = PBXGroup;
			children = (
				8F6C479C2B82CB7E004E6C00 /* MunchMapTests.swift */,
			);
			path = MunchMapTests;
			sourceTree = "<group>";
		};
		8F6C47A52B82CB7E004E6C00 /* MunchMapUITests */ = {
			isa = PBXGroup;
			children = (
				8F6C47A62B82CB7E004E6C00 /* MunchMapUITests.swift */,
				8F6C47A82B82CB7E004E6C00 /* MunchMapUITestsLaunchTests.swift */,
			);
			path = MunchMapUITests;
			sourceTree = "<group>";
		};
/* End PBXGroup section */

/* Begin PBXNativeTarget section */
		8F6C47812B82CB7A004E6C00 /* MunchMap */ = {
			isa = PBXNativeTarget;
			buildConfigurationList = 8F6C47AC2B82CB7E004E6C00 /* Build configuration list for PBXNativeTarget "MunchMap" */;
			buildPhases = (
				8F6C477E2B82CB7A004E6C00 /* Sources */,
				8F6C477F2B82CB7A004E6C00 /* Frameworks */,
				8F6C47802B82CB7A004E6C00 /* Resources */,
			);
			buildRules = (
			);
			dependencies = (
			);
			name = MunchMap;
			packageProductDependencies = (
				A5DB73252B843CC2004CC529 /* Lottie */,
			);
			productName = MunchMap;
			productReference = 8F6C47822B82CB7A004E6C00 /* MunchMap.app */;
			productType = "com.apple.product-type.application";
		};
		8F6C47972B82CB7E004E6C00 /* MunchMapTests */ = {
			isa = PBXNativeTarget;
			buildConfigurationList = 8F6C47AF2B82CB7E004E6C00 /* Build configuration list for PBXNativeTarget "MunchMapTests" */;
			buildPhases = (
				8F6C47942B82CB7E004E6C00 /* Sources */,
				8F6C47952B82CB7E004E6C00 /* Frameworks */,
				8F6C47962B82CB7E004E6C00 /* Resources */,
			);
			buildRules = (
			);
			dependencies = (
				8F6C479A2B82CB7E004E6C00 /* PBXTargetDependency */,
			);
			name = MunchMapTests;
			productName = MunchMapTests;
			productReference = 8F6C47982B82CB7E004E6C00 /* MunchMapTests.xctest */;
			productType = "com.apple.product-type.bundle.unit-test";
		};
		8F6C47A12B82CB7E004E6C00 /* MunchMapUITests */ = {
			isa = PBXNativeTarget;
			buildConfigurationList = 8F6C47B22B82CB7E004E6C00 /* Build configuration list for PBXNativeTarget "MunchMapUITests" */;
			buildPhases = (
				8F6C479E2B82CB7E004E6C00 /* Sources */,
				8F6C479F2B82CB7E004E6C00 /* Frameworks */,
				8F6C47A02B82CB7E004E6C00 /* Resources */,
			);
			buildRules = (
			);
			dependencies = (
				8F6C47A42B82CB7E004E6C00 /* PBXTargetDependency */,
			);
			name = MunchMapUITests;
			productName = MunchMapUITests;
			productReference = 8F6C47A22B82CB7E004E6C00 /* MunchMapUITests.xctest */;
			productType = "com.apple.product-type.bundle.ui-testing";
		};
/* End PBXNativeTarget section */

/* Begin PBXProject section */
		8F6C477A2B82CB7A004E6C00 /* Project object */ = {
			isa = PBXProject;
			attributes = {
				BuildIndependentTargetsInParallel = 1;
				LastSwiftUpdateCheck = 1520;
				LastUpgradeCheck = 1520;
				TargetAttributes = {
					8F6C47812B82CB7A004E6C00 = {
						CreatedOnToolsVersion = 15.2;
					};
					8F6C47972B82CB7E004E6C00 = {
						CreatedOnToolsVersion = 15.2;
						TestTargetID = 8F6C47812B82CB7A004E6C00;
					};
					8F6C47A12B82CB7E004E6C00 = {
						CreatedOnToolsVersion = 15.2;
						TestTargetID = 8F6C47812B82CB7A004E6C00;
					};
				};
			};
			buildConfigurationList = 8F6C477D2B82CB7A004E6C00 /* Build configuration list for PBXProject "MunchMap" */;
			compatibilityVersion = "Xcode 14.0";
			developmentRegion = en;
			hasScannedForEncodings = 0;
			knownRegions = (
				en,
				Base,
			);
			mainGroup = 8F6C47792B82CB7A004E6C00;
			packageReferences = (
				A5DB73242B843CC2004CC529 /* XCRemoteSwiftPackageReference "lottie-ios" */,
			);
			productRefGroup = 8F6C47832B82CB7A004E6C00 /* Products */;
			projectDirPath = "";
			projectRoot = "";
			targets = (
				8F6C47812B82CB7A004E6C00 /* MunchMap */,
				8F6C47972B82CB7E004E6C00 /* MunchMapTests */,
				8F6C47A12B82CB7E004E6C00 /* MunchMapUITests */,
			);
		};
/* End PBXProject section */

/* Begin PBXResourcesBuildPhase section */
		8F6C47802B82CB7A004E6C00 /* Resources */ = {
			isa = PBXResourcesBuildPhase;
			buildActionMask = 2147483647;
			files = (
				8F6C47922B82CB7D004E6C00 /* LaunchScreen.storyboard in Resources */,
				8F6C478F2B82CB7D004E6C00 /* Assets.xcassets in Resources */,
				8F6C478D2B82CB7A004E6C00 /* Main.storyboard in Resources */,
			);
			runOnlyForDeploymentPostprocessing = 0;
		};
		8F6C47962B82CB7E004E6C00 /* Resources */ = {
			isa = PBXResourcesBuildPhase;
			buildActionMask = 2147483647;
			files = (
			);
			runOnlyForDeploymentPostprocessing = 0;
		};
		8F6C47A02B82CB7E004E6C00 /* Resources */ = {
			isa = PBXResourcesBuildPhase;
			buildActionMask = 2147483647;
			files = (
			);
			runOnlyForDeploymentPostprocessing = 0;
		};
/* End PBXResourcesBuildPhase section */

/* Begin PBXSourcesBuildPhase section */
		8F6C477E2B82CB7A004E6C00 /* Sources */ = {
			isa = PBXSourcesBuildPhase;
			buildActionMask = 2147483647;
			files = (
				A547CF782BB666B300FD99A1 /* UserInformationVC.swift in Sources */,
				70450D882BB51F7200F1045A /* calorieProgressVC.swift in Sources */,
				8F6C478A2B82CB7A004E6C00 /* ViewController.swift in Sources */,
				8F6C47862B82CB7A004E6C00 /* AppDelegate.swift in Sources */,
				A5DB73232B843BC5004CC529 /* Munchmap.swift in Sources */,
				8F977D802BB6556F00F56904 /* BreakfastVC.swift in Sources */,
				8F6C47882B82CB7A004E6C00 /* SceneDelegate.swift in Sources */,
				A547CF762BB6637E00FD99A1 /* registerSV.swift in Sources */,
			);
			runOnlyForDeploymentPostprocessing = 0;
		};
		8F6C47942B82CB7E004E6C00 /* Sources */ = {
			isa = PBXSourcesBuildPhase;
			buildActionMask = 2147483647;
			files = (
				8F6C479D2B82CB7E004E6C00 /* MunchMapTests.swift in Sources */,
			);
			runOnlyForDeploymentPostprocessing = 0;
		};
		8F6C479E2B82CB7E004E6C00 /* Sources */ = {
			isa = PBXSourcesBuildPhase;
			buildActionMask = 2147483647;
			files = (
				8F6C47A92B82CB7E004E6C00 /* MunchMapUITestsLaunchTests.swift in Sources */,
				8F6C47A72B82CB7E004E6C00 /* MunchMapUITests.swift in Sources */,
			);
			runOnlyForDeploymentPostprocessing = 0;
		};
/* End PBXSourcesBuildPhase section */

/* Begin PBXTargetDependency section */
		8F6C479A2B82CB7E004E6C00 /* PBXTargetDependency */ = {
			isa = PBXTargetDependency;
			target = 8F6C47812B82CB7A004E6C00 /* MunchMap */;
			targetProxy = 8F6C47992B82CB7E004E6C00 /* PBXContainerItemProxy */;
		};
		8F6C47A42B82CB7E004E6C00 /* PBXTargetDependency */ = {
			isa = PBXTargetDependency;
			target = 8F6C47812B82CB7A004E6C00 /* MunchMap */;
			targetProxy = 8F6C47A32B82CB7E004E6C00 /* PBXContainerItemProxy */;
		};
/* End PBXTargetDependency section */

/* Begin PBXVariantGroup section */
		8F6C478B2B82CB7A004E6C00 /* Main.storyboard */ = {
			isa = PBXVariantGroup;
			children = (
				8F6C478C2B82CB7A004E6C00 /* Base */,
			);
			name = Main.storyboard;
			sourceTree = "<group>";
		};
		8F6C47902B82CB7D004E6C00 /* LaunchScreen.storyboard */ = {
			isa = PBXVariantGroup;
			children = (
				8F6C47912B82CB7D004E6C00 /* Base */,
			);
			name = LaunchScreen.storyboard;
			sourceTree = "<group>";
		};
/* End PBXVariantGroup section */

/* Begin XCBuildConfiguration section */
		8F6C47AA2B82CB7E004E6C00 /* Debug */ = {
			isa = XCBuildConfiguration;
			buildSettings = {
				ALWAYS_SEARCH_USER_PATHS = NO;
				ASSETCATALOG_COMPILER_GENERATE_SWIFT_ASSET_SYMBOL_EXTENSIONS = YES;
				CLANG_ANALYZER_NONNULL = YES;
				CLANG_ANALYZER_NUMBER_OBJECT_CONVERSION = YES_AGGRESSIVE;
				CLANG_CXX_LANGUAGE_STANDARD = "gnu++20";
				CLANG_ENABLE_MODULES = YES;
				CLANG_ENABLE_OBJC_ARC = YES;
				CLANG_ENABLE_OBJC_WEAK = YES;
				CLANG_WARN_BLOCK_CAPTURE_AUTORELEASING = YES;
				CLANG_WARN_BOOL_CONVERSION = YES;
				CLANG_WARN_COMMA = YES;
				CLANG_WARN_CONSTANT_CONVERSION = YES;
				CLANG_WARN_DEPRECATED_OBJC_IMPLEMENTATIONS = YES;
				CLANG_WARN_DIRECT_OBJC_ISA_USAGE = YES_ERROR;
				CLANG_WARN_DOCUMENTATION_COMMENTS = YES;
				CLANG_WARN_EMPTY_BODY = YES;
				CLANG_WARN_ENUM_CONVERSION = YES;
				CLANG_WARN_INFINITE_RECURSION = YES;
				CLANG_WARN_INT_CONVERSION = YES;
				CLANG_WARN_NON_LITERAL_NULL_CONVERSION = YES;
				CLANG_WARN_OBJC_IMPLICIT_RETAIN_SELF = YES;
				CLANG_WARN_OBJC_LITERAL_CONVERSION = YES;
				CLANG_WARN_OBJC_ROOT_CLASS = YES_ERROR;
				CLANG_WARN_QUOTED_INCLUDE_IN_FRAMEWORK_HEADER = YES;
				CLANG_WARN_RANGE_LOOP_ANALYSIS = YES;
				CLANG_WARN_STRICT_PROTOTYPES = YES;
				CLANG_WARN_SUSPICIOUS_MOVE = YES;
				CLANG_WARN_UNGUARDED_AVAILABILITY = YES_AGGRESSIVE;
				CLANG_WARN_UNREACHABLE_CODE = YES;
				CLANG_WARN__DUPLICATE_METHOD_MATCH = YES;
				COPY_PHASE_STRIP = NO;
				DEBUG_INFORMATION_FORMAT = dwarf;
				ENABLE_STRICT_OBJC_MSGSEND = YES;
				ENABLE_TESTABILITY = YES;
				ENABLE_USER_SCRIPT_SANDBOXING = YES;
				GCC_C_LANGUAGE_STANDARD = gnu17;
				GCC_DYNAMIC_NO_PIC = NO;
				GCC_NO_COMMON_BLOCKS = YES;
				GCC_OPTIMIZATION_LEVEL = 0;
				GCC_PREPROCESSOR_DEFINITIONS = (
					"DEBUG=1",
					"$(inherited)",
				);
				GCC_WARN_64_TO_32_BIT_CONVERSION = YES;
				GCC_WARN_ABOUT_RETURN_TYPE = YES_ERROR;
				GCC_WARN_UNDECLARED_SELECTOR = YES;
				GCC_WARN_UNINITIALIZED_AUTOS = YES_AGGRESSIVE;
				GCC_WARN_UNUSED_FUNCTION = YES;
				GCC_WARN_UNUSED_VARIABLE = YES;
				IPHONEOS_DEPLOYMENT_TARGET = 17.2;
				LOCALIZATION_PREFERS_STRING_CATALOGS = YES;
				MTL_ENABLE_DEBUG_INFO = INCLUDE_SOURCE;
				MTL_FAST_MATH = YES;
				ONLY_ACTIVE_ARCH = YES;
				SDKROOT = iphoneos;
				SWIFT_ACTIVE_COMPILATION_CONDITIONS = "DEBUG $(inherited)";
				SWIFT_OPTIMIZATION_LEVEL = "-Onone";
			};
			name = Debug;
		};
		8F6C47AB2B82CB7E004E6C00 /* Release */ = {
			isa = XCBuildConfiguration;
			buildSettings = {
				ALWAYS_SEARCH_USER_PATHS = NO;
				ASSETCATALOG_COMPILER_GENERATE_SWIFT_ASSET_SYMBOL_EXTENSIONS = YES;
				CLANG_ANALYZER_NONNULL = YES;
				CLANG_ANALYZER_NUMBER_OBJECT_CONVERSION = YES_AGGRESSIVE;
				CLANG_CXX_LANGUAGE_STANDARD = "gnu++20";
				CLANG_ENABLE_MODULES = YES;
				CLANG_ENABLE_OBJC_ARC = YES;
				CLANG_ENABLE_OBJC_WEAK = YES;
				CLANG_WARN_BLOCK_CAPTURE_AUTORELEASING = YES;
				CLANG_WARN_BOOL_CONVERSION = YES;
				CLANG_WARN_COMMA = YES;
				CLANG_WARN_CONSTANT_CONVERSION = YES;
				CLANG_WARN_DEPRECATED_OBJC_IMPLEMENTATIONS = YES;
				CLANG_WARN_DIRECT_OBJC_ISA_USAGE = YES_ERROR;
				CLANG_WARN_DOCUMENTATION_COMMENTS = YES;
				CLANG_WARN_EMPTY_BODY = YES;
				CLANG_WARN_ENUM_CONVERSION = YES;
				CLANG_WARN_INFINITE_RECURSION = YES;
				CLANG_WARN_INT_CONVERSION = YES;
				CLANG_WARN_NON_LITERAL_NULL_CONVERSION = YES;
				CLANG_WARN_OBJC_IMPLICIT_RETAIN_SELF = YES;
				CLANG_WARN_OBJC_LITERAL_CONVERSION = YES;
				CLANG_WARN_OBJC_ROOT_CLASS = YES_ERROR;
				CLANG_WARN_QUOTED_INCLUDE_IN_FRAMEWORK_HEADER = YES;
				CLANG_WARN_RANGE_LOOP_ANALYSIS = YES;
				CLANG_WARN_STRICT_PROTOTYPES = YES;
				CLANG_WARN_SUSPICIOUS_MOVE = YES;
				CLANG_WARN_UNGUARDED_AVAILABILITY = YES_AGGRESSIVE;
				CLANG_WARN_UNREACHABLE_CODE = YES;
				CLANG_WARN__DUPLICATE_METHOD_MATCH = YES;
				COPY_PHASE_STRIP = NO;
				DEBUG_INFORMATION_FORMAT = "dwarf-with-dsym";
				ENABLE_NS_ASSERTIONS = NO;
				ENABLE_STRICT_OBJC_MSGSEND = YES;
				ENABLE_USER_SCRIPT_SANDBOXING = YES;
				GCC_C_LANGUAGE_STANDARD = gnu17;
				GCC_NO_COMMON_BLOCKS = YES;
				GCC_WARN_64_TO_32_BIT_CONVERSION = YES;
				GCC_WARN_ABOUT_RETURN_TYPE = YES_ERROR;
				GCC_WARN_UNDECLARED_SELECTOR = YES;
				GCC_WARN_UNINITIALIZED_AUTOS = YES_AGGRESSIVE;
				GCC_WARN_UNUSED_FUNCTION = YES;
				GCC_WARN_UNUSED_VARIABLE = YES;
				IPHONEOS_DEPLOYMENT_TARGET = 17.2;
				LOCALIZATION_PREFERS_STRING_CATALOGS = YES;
				MTL_ENABLE_DEBUG_INFO = NO;
				MTL_FAST_MATH = YES;
				SDKROOT = iphoneos;
				SWIFT_COMPILATION_MODE = wholemodule;
				VALIDATE_PRODUCT = YES;
			};
			name = Release;
		};
		8F6C47AD2B82CB7E004E6C00 /* Debug */ = {
			isa = XCBuildConfiguration;
			buildSettings = {
				ASSETCATALOG_COMPILER_APPICON_NAME = AppIcon;
				ASSETCATALOG_COMPILER_GLOBAL_ACCENT_COLOR_NAME = AccentColor;
				CODE_SIGN_STYLE = Automatic;
				CURRENT_PROJECT_VERSION = 1;
				GENERATE_INFOPLIST_FILE = YES;
				INFOPLIST_FILE = MunchMap/Info.plist;
				INFOPLIST_KEY_UIApplicationSupportsIndirectInputEvents = YES;
				INFOPLIST_KEY_UILaunchStoryboardName = LaunchScreen;
				INFOPLIST_KEY_UIMainStoryboardFile = Main;
				INFOPLIST_KEY_UISupportedInterfaceOrientations_iPad = "UIInterfaceOrientationPortrait UIInterfaceOrientationPortraitUpsideDown UIInterfaceOrientationLandscapeLeft UIInterfaceOrientationLandscapeRight";
				INFOPLIST_KEY_UISupportedInterfaceOrientations_iPhone = "UIInterfaceOrientationPortrait UIInterfaceOrientationLandscapeLeft UIInterfaceOrientationLandscapeRight";
				LD_RUNPATH_SEARCH_PATHS = (
					"$(inherited)",
					"@executable_path/Frameworks",
				);
				MARKETING_VERSION = 1.0;
				PRODUCT_BUNDLE_IDENTIFIER = edu.nwmissouri.spring24.cs643.sec03.MunchMap;
				PRODUCT_NAME = "$(TARGET_NAME)";
				SWIFT_EMIT_LOC_STRINGS = YES;
				SWIFT_VERSION = 5.0;
				TARGETED_DEVICE_FAMILY = "1,2";
			};
			name = Debug;
		};
		8F6C47AE2B82CB7E004E6C00 /* Release */ = {
			isa = XCBuildConfiguration;
			buildSettings = {
				ASSETCATALOG_COMPILER_APPICON_NAME = AppIcon;
				ASSETCATALOG_COMPILER_GLOBAL_ACCENT_COLOR_NAME = AccentColor;
				CODE_SIGN_STYLE = Automatic;
				CURRENT_PROJECT_VERSION = 1;
				GENERATE_INFOPLIST_FILE = YES;
				INFOPLIST_FILE = MunchMap/Info.plist;
				INFOPLIST_KEY_UIApplicationSupportsIndirectInputEvents = YES;
				INFOPLIST_KEY_UILaunchStoryboardName = LaunchScreen;
				INFOPLIST_KEY_UIMainStoryboardFile = Main;
				INFOPLIST_KEY_UISupportedInterfaceOrientations_iPad = "UIInterfaceOrientationPortrait UIInterfaceOrientationPortraitUpsideDown UIInterfaceOrientationLandscapeLeft UIInterfaceOrientationLandscapeRight";
				INFOPLIST_KEY_UISupportedInterfaceOrientations_iPhone = "UIInterfaceOrientationPortrait UIInterfaceOrientationLandscapeLeft UIInterfaceOrientationLandscapeRight";
				LD_RUNPATH_SEARCH_PATHS = (
					"$(inherited)",
					"@executable_path/Frameworks",
				);
				MARKETING_VERSION = 1.0;
				PRODUCT_BUNDLE_IDENTIFIER = edu.nwmissouri.spring24.cs643.sec03.MunchMap;
				PRODUCT_NAME = "$(TARGET_NAME)";
				SWIFT_EMIT_LOC_STRINGS = YES;
				SWIFT_VERSION = 5.0;
				TARGETED_DEVICE_FAMILY = "1,2";
			};
			name = Release;
		};
		8F6C47B02B82CB7E004E6C00 /* Debug */ = {
			isa = XCBuildConfiguration;
			buildSettings = {
				ALWAYS_EMBED_SWIFT_STANDARD_LIBRARIES = YES;
				BUNDLE_LOADER = "$(TEST_HOST)";
				CODE_SIGN_STYLE = Automatic;
				CURRENT_PROJECT_VERSION = 1;
				GENERATE_INFOPLIST_FILE = YES;
				IPHONEOS_DEPLOYMENT_TARGET = 17.2;
				MARKETING_VERSION = 1.0;
				PRODUCT_BUNDLE_IDENTIFIER = edu.nwmissouri.spring24.cs643.sec03.MunchMapTests;
				PRODUCT_NAME = "$(TARGET_NAME)";
				SWIFT_EMIT_LOC_STRINGS = NO;
				SWIFT_VERSION = 5.0;
				TARGETED_DEVICE_FAMILY = "1,2";
				TEST_HOST = "$(BUILT_PRODUCTS_DIR)/MunchMap.app/$(BUNDLE_EXECUTABLE_FOLDER_PATH)/MunchMap";
			};
			name = Debug;
		};
		8F6C47B12B82CB7E004E6C00 /* Release */ = {
			isa = XCBuildConfiguration;
			buildSettings = {
				ALWAYS_EMBED_SWIFT_STANDARD_LIBRARIES = YES;
				BUNDLE_LOADER = "$(TEST_HOST)";
				CODE_SIGN_STYLE = Automatic;
				CURRENT_PROJECT_VERSION = 1;
				GENERATE_INFOPLIST_FILE = YES;
				IPHONEOS_DEPLOYMENT_TARGET = 17.2;
				MARKETING_VERSION = 1.0;
				PRODUCT_BUNDLE_IDENTIFIER = edu.nwmissouri.spring24.cs643.sec03.MunchMapTests;
				PRODUCT_NAME = "$(TARGET_NAME)";
				SWIFT_EMIT_LOC_STRINGS = NO;
				SWIFT_VERSION = 5.0;
				TARGETED_DEVICE_FAMILY = "1,2";
				TEST_HOST = "$(BUILT_PRODUCTS_DIR)/MunchMap.app/$(BUNDLE_EXECUTABLE_FOLDER_PATH)/MunchMap";
			};
			name = Release;
		};
		8F6C47B32B82CB7E004E6C00 /* Debug */ = {
			isa = XCBuildConfiguration;
			buildSettings = {
				ALWAYS_EMBED_SWIFT_STANDARD_LIBRARIES = YES;
				CODE_SIGN_STYLE = Automatic;
				CURRENT_PROJECT_VERSION = 1;
				GENERATE_INFOPLIST_FILE = YES;
				MARKETING_VERSION = 1.0;
				PRODUCT_BUNDLE_IDENTIFIER = edu.nwmissouri.spring24.cs643.sec03.MunchMapUITests;
				PRODUCT_NAME = "$(TARGET_NAME)";
				SWIFT_EMIT_LOC_STRINGS = NO;
				SWIFT_VERSION = 5.0;
				TARGETED_DEVICE_FAMILY = "1,2";
				TEST_TARGET_NAME = MunchMap;
			};
			name = Debug;
		};
		8F6C47B42B82CB7E004E6C00 /* Release */ = {
			isa = XCBuildConfiguration;
			buildSettings = {
				ALWAYS_EMBED_SWIFT_STANDARD_LIBRARIES = YES;
				CODE_SIGN_STYLE = Automatic;
				CURRENT_PROJECT_VERSION = 1;
				GENERATE_INFOPLIST_FILE = YES;
				MARKETING_VERSION = 1.0;
				PRODUCT_BUNDLE_IDENTIFIER = edu.nwmissouri.spring24.cs643.sec03.MunchMapUITests;
				PRODUCT_NAME = "$(TARGET_NAME)";
				SWIFT_EMIT_LOC_STRINGS = NO;
				SWIFT_VERSION = 5.0;
				TARGETED_DEVICE_FAMILY = "1,2";
				TEST_TARGET_NAME = MunchMap;
			};
			name = Release;
		};
/* End XCBuildConfiguration section */

/* Begin XCConfigurationList section */
		8F6C477D2B82CB7A004E6C00 /* Build configuration list for PBXProject "MunchMap" */ = {
			isa = XCConfigurationList;
			buildConfigurations = (
				8F6C47AA2B82CB7E004E6C00 /* Debug */,
				8F6C47AB2B82CB7E004E6C00 /* Release */,
			);
			defaultConfigurationIsVisible = 0;
			defaultConfigurationName = Release;
		};
		8F6C47AC2B82CB7E004E6C00 /* Build configuration list for PBXNativeTarget "MunchMap" */ = {
			isa = XCConfigurationList;
			buildConfigurations = (
				8F6C47AD2B82CB7E004E6C00 /* Debug */,
				8F6C47AE2B82CB7E004E6C00 /* Release */,
			);
			defaultConfigurationIsVisible = 0;
			defaultConfigurationName = Release;
		};
		8F6C47AF2B82CB7E004E6C00 /* Build configuration list for PBXNativeTarget "MunchMapTests" */ = {
			isa = XCConfigurationList;
			buildConfigurations = (
				8F6C47B02B82CB7E004E6C00 /* Debug */,
				8F6C47B12B82CB7E004E6C00 /* Release */,
			);
			defaultConfigurationIsVisible = 0;
			defaultConfigurationName = Release;
		};
		8F6C47B22B82CB7E004E6C00 /* Build configuration list for PBXNativeTarget "MunchMapUITests" */ = {
			isa = XCConfigurationList;
			buildConfigurations = (
				8F6C47B32B82CB7E004E6C00 /* Debug */,
				8F6C47B42B82CB7E004E6C00 /* Release */,
			);
			defaultConfigurationIsVisible = 0;
			defaultConfigurationName = Release;
		};
/* End XCConfigurationList section */

/* Begin XCRemoteSwiftPackageReference section */
		A5DB73242B843CC2004CC529 /* XCRemoteSwiftPackageReference "lottie-ios" */ = {
			isa = XCRemoteSwiftPackageReference;
			repositoryURL = "https://github.com/airbnb/lottie-ios.git";
			requirement = {
				kind = upToNextMajorVersion;
				minimumVersion = 4.4.0;
			};
		};
/* End XCRemoteSwiftPackageReference section */

/* Begin XCSwiftPackageProductDependency section */
		A5DB73252B843CC2004CC529 /* Lottie */ = {
			isa = XCSwiftPackageProductDependency;
			package = A5DB73242B843CC2004CC529 /* XCRemoteSwiftPackageReference "lottie-ios" */;
			productName = Lottie;
		};
/* End XCSwiftPackageProductDependency section */
	};
	rootObject = 8F6C477A2B82CB7A004E6C00 /* Project object */;
}
